
Microsoft Visual Studio Solution File, Format Version 10.00
# Visual Studio 2008
Project("{8BC9CEB8-8B4A-11D0-8D11-00A0C91BC942}") = "money_to_cases", "money_to_cases\money_to_cases.vcproj", "{46370D80-F03F-4060-873C-CF686F926781}"
	ProjectSection(ProjectDependencies) = postProject
		{676118A0-EA11-4114-A90F-9101A996E270} = {676118A0-EA11-4114-A90F-9101A996E270}
		{4CFD62D2-1D80-42C1-B845-7BF1AD522B65} = {4CFD62D2-1D80-42C1-B845-7BF1AD522B65}
	EndProjectSection
EndProject
Project("{8BC9CEB8-8B4A-11D0-8D11-00A0C91BC942}") = "test", "test\test.vcproj", "{CFFC4F45-D7EF-41D9-BFFF-9FC50AE798FE}"
	ProjectSection(ProjectDependencies) = postProject
		{676118A0-EA11-4114-A90F-9101A996E270} = {676118A0-EA11-4114-A90F-9101A996E270}
		{4CFD62D2-1D80-42C1-B845-7BF1AD522B65} = {4CFD62D2-1D80-42C1-B845-7BF1AD522B65}
	EndProjectSection
EndProject
Project("{8BC9CEB8-8B4A-11D0-8D11-00A0C91BC942}") = "lib", "lib\lib.vcproj", "{4CFD62D2-1D80-42C1-B845-7BF1AD522B65}"
EndProject
Project("{8BC9CEB8-8B4A-11D0-8D11-00A0C91BC942}") = "utils", "utils\utils.vcproj", "{676118A0-EA11-4114-A90F-9101A996E270}"
EndProject
Project("{8BC9CEB8-8B4A-11D0-8D11-00A0C91BC942}") = "slon_version", "slon_version\slon_version.vcproj", "{C6B584FB-EE60-4BD1-BCAD-8A28E803DA3C}"
	ProjectSection(ProjectDependencies) = postProject
		{676118A0-EA11-4114-A90F-9101A996E270} = {676118A0-EA11-4114-A90F-9101A996E270}
	EndProjectSection
EndProject
Global
	GlobalSection(SolutionConfigurationPlatforms) = preSolution
		Debug|Win32 = Debug|Win32
		Release|Win32 = Release|Win32
	EndGlobalSection
	GlobalSection(ProjectConfigurationPlatforms) = postSolution
		{46370D80-F03F-4060-873C-CF686F926781}.Debug|Win32.ActiveCfg = Debug|Win32
		{46370D80-F03F-4060-873C-CF686F926781}.Debug|Win32.Build.0 = Debug|Win32
		{46370D80-F03F-4060-873C-CF686F926781}.Release|Win32.ActiveCfg = Release|Win32
		{46370D80-F03F-4060-873C-CF686F926781}.Release|Win32.Build.0 = Release|Win32
		{CFFC4F45-D7EF-41D9-BFFF-9FC50AE798FE}.Debug|Win32.ActiveCfg = Debug|Win32
		{CFFC4F45-D7EF-41D9-BFFF-9FC50AE798FE}.Debug|Win32.Build.0 = Debug|Win32
		{CFFC4F45-D7EF-41D9-BFFF-9FC50AE798FE}.Release|Win32.ActiveCfg = Release|Win32
		{CFFC4F45-D7EF-41D9-BFFF-9FC50AE798FE}.Release|Win32.Build.0 = Release|Win32
		{4CFD62D2-1D80-42C1-B845-7BF1AD522B65}.Debug|Win32.ActiveCfg = Debug|Win32
		{4CFD62D2-1D80-42C1-B845-7BF1AD522B65}.Debug|Win32.Build.0 = Debug|Win32
		{4CFD62D2-1D80-42C1-B845-7BF1AD522B65}.Release|Win32.ActiveCfg = Release|Win32
		{4CFD62D2-1D80-42C1-B845-7BF1AD522B65}.Release|Win32.Build.0 = Release|Win32
		{676118A0-EA11-4114-A90F-9101A996E270}.Debug|Win32.ActiveCfg = Debug|Win32
		{676118A0-EA11-4114-A90F-9101A996E270}.Debug|Win32.Build.0 = Debug|Win32
		{676118A0-EA11-4114-A90F-9101A996E270}.Release|Win32.ActiveCfg = Release|Win32
		{676118A0-EA11-4114-A90F-9101A996E270}.Release|Win32.Build.0 = Release|Win32
		{C6B584FB-EE60-4BD1-BCAD-8A28E803DA3C}.Debug|Win32.ActiveCfg = Debug|Win32
		{C6B584FB-EE60-4BD1-BCAD-8A28E803DA3C}.Debug|Win32.Build.0 = Debug|Win32
		{C6B584FB-EE60-4BD1-BCAD-8A28E803DA3C}.Release|Win32.ActiveCfg = Release|Win32
		{C6B584FB-EE60-4BD1-BCAD-8A28E803DA3C}.Release|Win32.Build.0 = Release|Win32
	EndGlobalSection
	GlobalSection(SolutionProperties) = preSolution
		HideSolutionNode = FALSE
	EndGlobalSection
EndGlobal
